
Microsoft Visual Studio Solution File, Format Version 11.00
# Visual Studio 2010
Project("{FAE04EC0-301F-11D3-BF4B-00C04F79EFBC}") = "Assembly-CSharp", "Assembly-CSharp.csproj", "{BB528996-6A5E-DC2C-DBEC-668942127010}"
EndProject
Project("{FAE04EC0-301F-11D3-BF4B-00C04F79EFBC}") = "Assembly-CSharp-firstpass", "Assembly-CSharp-firstpass.csproj", "{68A20C7F-85EC-8749-1DA3-C7AA8BFD4D4B}"
EndProject
Project("{FAE04EC0-301F-11D3-BF4B-00C04F79EFBC}") = "Assembly-CSharp-Editor-firstpass", "Assembly-CSharp-Editor-firstpass.csproj", "{05407A9D-2FAF-6B0C-CB71-BB836BE0E4E0}"
EndProject
Global
	GlobalSection(SolutionConfigurationPlatforms) = preSolution
		Debug|Any CPU = Debug|Any CPU
		Release|Any CPU = Release|Any CPU
	EndGlobalSection
	GlobalSection(ProjectConfigurationPlatforms) = postSolution
		{BB528996-6A5E-DC2C-DBEC-668942127010}.Debug|Any CPU.ActiveCfg = Debug|Any CPU
		{BB528996-6A5E-DC2C-DBEC-668942127010}.Debug|Any CPU.Build.0 = Debug|Any CPU
		{BB528996-6A5E-DC2C-DBEC-668942127010}.Release|Any CPU.ActiveCfg = Release|Any CPU
		{BB528996-6A5E-DC2C-DBEC-668942127010}.Release|Any CPU.Build.0 = Release|Any CPU
		{68A20C7F-85EC-8749-1DA3-C7AA8BFD4D4B}.Debug|Any CPU.ActiveCfg = Debug|Any CPU
		{68A20C7F-85EC-8749-1DA3-C7AA8BFD4D4B}.Debug|Any CPU.Build.0 = Debug|Any CPU
		{68A20C7F-85EC-8749-1DA3-C7AA8BFD4D4B}.Release|Any CPU.ActiveCfg = Release|Any CPU
		{68A20C7F-85EC-8749-1DA3-C7AA8BFD4D4B}.Release|Any CPU.Build.0 = Release|Any CPU
		{05407A9D-2FAF-6B0C-CB71-BB836BE0E4E0}.Debug|Any CPU.ActiveCfg = Debug|Any CPU
		{05407A9D-2FAF-6B0C-CB71-BB836BE0E4E0}.Debug|Any CPU.Build.0 = Debug|Any CPU
		{05407A9D-2FAF-6B0C-CB71-BB836BE0E4E0}.Release|Any CPU.ActiveCfg = Release|Any CPU
		{05407A9D-2FAF-6B0C-CB71-BB836BE0E4E0}.Release|Any CPU.Build.0 = Release|Any CPU
	EndGlobalSection
	GlobalSection(SolutionProperties) = preSolution
		HideSolutionNode = FALSE
	EndGlobalSection
	GlobalSection(MonoDevelopProperties) = preSolution
		StartupItem = Assembly-CSharp.csproj
	EndGlobalSection
EndGlobal
