
Microsoft Visual Studio Solution File, Format Version 11.00
# Visual Studio 2010
Project("{FAE04EC0-301F-11D3-BF4B-00C04F79EFBC}") = "Assembly-CSharp", "Assembly-CSharp.csproj", "{5D868723-B094-4FAF-A02B-FB0BC046CFF4}"
EndProject
Project("{FAE04EC0-301F-11D3-BF4B-00C04F79EFBC}") = "Assembly-CSharp-firstpass", "Assembly-CSharp-firstpass.csproj", "{B039776D-E4C6-B675-641B-E33F003BDB3B}"
EndProject
Project("{FAE04EC0-301F-11D3-BF4B-00C04F79EFBC}") = "Assembly-CSharp-Editor-firstpass", "Assembly-CSharp-Editor-firstpass.csproj", "{A71C72C1-B1FC-0CA9-B27F-0A933942256A}"
EndProject
Global
	GlobalSection(SolutionConfigurationPlatforms) = preSolution
		Debug|Any CPU = Debug|Any CPU
		Release|Any CPU = Release|Any CPU
	EndGlobalSection
	GlobalSection(ProjectConfigurationPlatforms) = postSolution
		{5D868723-B094-4FAF-A02B-FB0BC046CFF4}.Debug|Any CPU.ActiveCfg = Debug|Any CPU
		{5D868723-B094-4FAF-A02B-FB0BC046CFF4}.Debug|Any CPU.Build.0 = Debug|Any CPU
		{5D868723-B094-4FAF-A02B-FB0BC046CFF4}.Release|Any CPU.ActiveCfg = Release|Any CPU
		{5D868723-B094-4FAF-A02B-FB0BC046CFF4}.Release|Any CPU.Build.0 = Release|Any CPU
		{B039776D-E4C6-B675-641B-E33F003BDB3B}.Debug|Any CPU.ActiveCfg = Debug|Any CPU
		{B039776D-E4C6-B675-641B-E33F003BDB3B}.Debug|Any CPU.Build.0 = Debug|Any CPU
		{B039776D-E4C6-B675-641B-E33F003BDB3B}.Release|Any CPU.ActiveCfg = Release|Any CPU
		{B039776D-E4C6-B675-641B-E33F003BDB3B}.Release|Any CPU.Build.0 = Release|Any CPU
		{A71C72C1-B1FC-0CA9-B27F-0A933942256A}.Debug|Any CPU.ActiveCfg = Debug|Any CPU
		{A71C72C1-B1FC-0CA9-B27F-0A933942256A}.Debug|Any CPU.Build.0 = Debug|Any CPU
		{A71C72C1-B1FC-0CA9-B27F-0A933942256A}.Release|Any CPU.ActiveCfg = Release|Any CPU
		{A71C72C1-B1FC-0CA9-B27F-0A933942256A}.Release|Any CPU.Build.0 = Release|Any CPU
	EndGlobalSection
	GlobalSection(SolutionProperties) = preSolution
		HideSolutionNode = FALSE
	EndGlobalSection
	GlobalSection(MonoDevelopProperties) = preSolution
		StartupItem = Assembly-CSharp.csproj
	EndGlobalSection
EndGlobal
